<?xml version="1.0" encoding="utf-8"?>
<Project ToolsVersion="4.0" xmlns="http://schemas.microsoft.com/developer/msbuild/2003">
  <ItemGroup>
    <None Include="ReadMe.txt" />
  </ItemGroup>
  <ItemGroup>
    <Filter Include="Renderer">
      <UniqueIdentifier>{6df8f81f-44d3-4c56-a4bd-e2d645dad63a}</UniqueIdentifier>
    </Filter>
    <Filter Include="Math">
      <UniqueIdentifier>{dc9ee389-001f-410f-ba14-dfb488b24afd}</UniqueIdentifier>
    </Filter>
    <Filter Include="Core">
      <UniqueIdentifier>{37646724-2a12-4f68-a5a7-e2514fa30699}</UniqueIdentifier>
    </Filter>
    <Filter Include="Sound">
      <UniqueIdentifier>{a87a47df-a045-4ae4-ba53-48491fc536f6}</UniqueIdentifier>
    </Filter>
    <Filter Include="Console">
      <UniqueIdentifier>{0c54dc25-6373-47d2-bc72-a27de290deaf}</UniqueIdentifier>
    </Filter>
    <Filter Include="Renderer\SceneGraph">
      <UniqueIdentifier>{5ee444f7-e977-4985-856d-b1e7c511f75f}</UniqueIdentifier>
    </Filter>
    <Filter Include="Math\Geometry">
      <UniqueIdentifier>{3468cc5f-61f8-46a6-b4c8-72b1ae029075}</UniqueIdentifier>
    </Filter>
    <Filter Include="ParticleSystem">
      <UniqueIdentifier>{3f88c4ac-680f-4dd1-aaf3-ce9d269d5429}</UniqueIdentifier>
    </Filter>
    <Filter Include="Math\3D">
      <UniqueIdentifier>{204d96eb-16ea-4901-95a3-04d00e2c0ab4}</UniqueIdentifier>
    </Filter>
    <Filter Include="Math\2D">
      <UniqueIdentifier>{77a99390-c5ce-40f2-8e43-ec60823f1f32}</UniqueIdentifier>
    </Filter>
    <Filter Include="Renderer\Text">
      <UniqueIdentifier>{19f4a03d-a71c-4d2d-91d1-e30acca02d49}</UniqueIdentifier>
    </Filter>
    <Filter Include="Renderer\RenderingUtilities">
      <UniqueIdentifier>{b84b8c1a-5805-4bb5-aa52-56b823a740e5}</UniqueIdentifier>
    </Filter>
    <Filter Include="Renderer\Textures">
      <UniqueIdentifier>{63ba5df8-7668-4f55-9e5c-78d8fa304894}</UniqueIdentifier>
    </Filter>
    <Filter Include="Core\Utilities">
      <UniqueIdentifier>{0b2c66dd-e084-454a-8ee4-7dc84f019464}</UniqueIdentifier>
    </Filter>
    <Filter Include="Core\Utilities\XML">
      <UniqueIdentifier>{86673a3c-6767-4b2b-8644-31091ccf87e7}</UniqueIdentifier>
    </Filter>
    <Filter Include="Core\Time">
      <UniqueIdentifier>{fecac0c7-6739-47ca-9ddb-4b2f1a509ec0}</UniqueIdentifier>
    </Filter>
    <Filter Include="Multithreading">
      <UniqueIdentifier>{e4ba7385-5dba-4803-a9f7-5d02b5322f62}</UniqueIdentifier>
    </Filter>
    <Filter Include="Core\Memory">
      <UniqueIdentifier>{fd3fe95b-3114-4b87-afd2-b3cf052b166b}</UniqueIdentifier>
    </Filter>
    <Filter Include="Renderer\MeshRenderer">
      <UniqueIdentifier>{d1427a0d-b63e-4cce-85d6-96f7029677c8}</UniqueIdentifier>
    </Filter>
    <Filter Include="Core\Event">
      <UniqueIdentifier>{6c54bbf0-07be-4607-be56-3689a89b9941}</UniqueIdentifier>
    </Filter>
    <Filter Include="Networking">
      <UniqueIdentifier>{13fc1002-fb9e-4088-9f49-b37212e333c0}</UniqueIdentifier>
    </Filter>
    <Filter Include="Components">
      <UniqueIdentifier>{c330844b-64c2-453a-aba8-2d4ee8200334}</UniqueIdentifier>
    </Filter>
    <Filter Include="Components\RenderComponents">
      <UniqueIdentifier>{36f36eee-3b4f-49ef-8e87-ad519666e405}</UniqueIdentifier>
    </Filter>
    <Filter Include="Components\Collision">
      <UniqueIdentifier>{9895dc16-14f7-4c13-8e95-0e8d192c0e11}</UniqueIdentifier>
    </Filter>
    <Filter Include="Components\Transform">
      <UniqueIdentifier>{ef447e86-2d5c-429c-a0be-ed046286958f}</UniqueIdentifier>
    </Filter>
    <Filter Include="Core\Event\Properties">
      <UniqueIdentifier>{c6d89946-93fb-443b-8d01-0aacdc1e7e3e}</UniqueIdentifier>
    </Filter>
    <Filter Include="UserInterface">
      <UniqueIdentifier>{f6ba5e6d-be14-4a58-8077-a9600f4e8c3c}</UniqueIdentifier>
    </Filter>
    <Filter Include="UserInterface\GUI_old">
      <UniqueIdentifier>{9efa3472-2edf-494a-bc73-61d1cec14fe0}</UniqueIdentifier>
    </Filter>
    <Filter Include="UserInterface\Widgets">
      <UniqueIdentifier>{8b338b01-4833-48ca-9d9f-293137000b46}</UniqueIdentifier>
    </Filter>
    <Filter Include="UserInterface\KeyFrameAnimation">
      <UniqueIdentifier>{a704a8b4-1db4-4df1-a778-40f3de6e6f8e}</UniqueIdentifier>
    </Filter>
    <Filter Include="UserInterface\Widgets\Base">
      <UniqueIdentifier>{fadaa3a7-8529-4e1f-9520-4b6fb3caef33}</UniqueIdentifier>
    </Filter>
    <Filter Include="UserInterface\WidgetState">
      <UniqueIdentifier>{f3714dba-bad7-4db7-89f1-3f6116549815}</UniqueIdentifier>
    </Filter>
    <Filter Include="UserInterface\Styles">
      <UniqueIdentifier>{b6c10474-6496-44aa-9eb7-818a14a202c2}</UniqueIdentifier>
    </Filter>
    <Filter Include="Core\Metrics">
      <UniqueIdentifier>{db612c5d-c07a-4254-8db7-74a2ff4a1e63}</UniqueIdentifier>
    </Filter>
    <Filter Include="UserInterface\Widgets\Types">
      <UniqueIdentifier>{d931c504-6e5a-416b-ab2d-d69f8bfd4716}</UniqueIdentifier>
    </Filter>
    <Filter Include="Input">
      <UniqueIdentifier>{2e7edc3d-e340-4dfa-bc2c-a953d4021a67}</UniqueIdentifier>
    </Filter>
    <Filter Include="Sound\FMOD">
      <UniqueIdentifier>{2bd99741-9d8f-48a8-aee9-df46ccc24ad1}</UniqueIdentifier>
    </Filter>
    <Filter Include="Core\Utilities\String">
      <UniqueIdentifier>{db18af89-b462-4255-b8ea-3fca5c645e9a}</UniqueIdentifier>
    </Filter>
    <Filter Include="Sound\AudioSystem">
      <UniqueIdentifier>{4309cf6c-70db-40af-b2da-455d9dc4a0ea}</UniqueIdentifier>
    </Filter>
    <Filter Include="Math\Spline">
      <UniqueIdentifier>{076ec4c3-3205-4627-b1b0-46a0ea4e1f22}</UniqueIdentifier>
    </Filter>
    <Filter Include="Math\Vectors">
      <UniqueIdentifier>{407d1628-d3c0-4cf4-892a-9bba1a4d8cd4}</UniqueIdentifier>
    </Filter>
    <Filter Include="Map">
      <UniqueIdentifier>{873dce69-0192-4e2a-969a-b18a269de73a}</UniqueIdentifier>
    </Filter>
    <Filter Include="Map\Pathfinding">
      <UniqueIdentifier>{52ba6847-d892-4957-85b1-6c678a77b7c9}</UniqueIdentifier>
    </Filter>
    <Filter Include="Map\Visibility">
      <UniqueIdentifier>{a2f0afaa-8a6c-4f09-b8db-f43dc32d3a0d}</UniqueIdentifier>
    </Filter>
  </ItemGroup>
  <ItemGroup>
    <ClInclude Include="Renderer\OpenGLRenderer.hpp">
      <Filter>Renderer</Filter>
    </ClInclude>
    <ClInclude Include="Math\MathUtils.hpp">
      <Filter>Math</Filter>
    </ClInclude>
    <ClInclude Include="Math\EngineMath.hpp">
      <Filter>Math</Filter>
    </ClInclude>
    <ClInclude Include="Core\Rgba.hpp">
      <Filter>Core</Filter>
    </ClInclude>
    <ClInclude Include="Input\InputSystem.hpp">
      <Filter>Input</Filter>
    </ClInclude>
    <ClInclude Include="Console\Console.hpp">
      <Filter>Console</Filter>
    </ClInclude>
    <ClInclude Include="Renderer\Number.hpp">
      <Filter>Renderer</Filter>
    </ClInclude>
    <ClInclude Include="Math\Matrix4.hpp">
      <Filter>Math</Filter>
    </ClInclude>
    <ClInclude Include="Math\Noise.hpp">
      <Filter>Math</Filter>
    </ClInclude>
    <ClInclude Include="Renderer\SceneGraph\Node.hpp">
      <Filter>Renderer\SceneGraph</Filter>
    </ClInclude>
    <ClInclude Include="Renderer\SceneGraph\TransformNode.hpp">
      <Filter>Renderer\SceneGraph</Filter>
    </ClInclude>
    <ClInclude Include="Renderer\SceneGraph\GeometryNode.hpp">
      <Filter>Renderer\SceneGraph</Filter>
    </ClInclude>
    <ClInclude Include="Renderer\glext.h">
      <Filter>Renderer</Filter>
    </ClInclude>
    <ClInclude Include="Math\IntVec2.hpp">
      <Filter>Math\Vectors</Filter>
    </ClInclude>
    <ClInclude Include="Math\IntVec3.hpp">
      <Filter>Math\Vectors</Filter>
    </ClInclude>
    <ClInclude Include="Math\Vector4.hpp">
      <Filter>Math\Vectors</Filter>
    </ClInclude>
    <ClInclude Include="Math\Vector2.hpp">
      <Filter>Math\Vectors</Filter>
    </ClInclude>
    <ClInclude Include="Math\Vector3.hpp">
      <Filter>Math\Vectors</Filter>
    </ClInclude>
    <ClInclude Include="Math\Sphere3.hpp">
      <Filter>Math\Geometry</Filter>
    </ClInclude>
    <ClInclude Include="Math\AABB2.hpp">
      <Filter>Math\Geometry</Filter>
    </ClInclude>
    <ClInclude Include="Math\AABB3.hpp">
      <Filter>Math\Geometry</Filter>
    </ClInclude>
    <ClInclude Include="Math\Disc2.hpp">
      <Filter>Math\Geometry</Filter>
    </ClInclude>
    <ClInclude Include="Math\LineSegment2.hpp">
      <Filter>Math\Geometry</Filter>
    </ClInclude>
    <ClInclude Include="Math\LineSegment3.hpp">
      <Filter>Math\Geometry</Filter>
    </ClInclude>
    <ClInclude Include="ParticleSystem\Emitter.hpp">
      <Filter>ParticleSystem</Filter>
    </ClInclude>
    <ClInclude Include="ParticleSystem\Particle.hpp">
      <Filter>ParticleSystem</Filter>
    </ClInclude>
    <ClInclude Include="ParticleSystem\ParticleSystem.hpp">
      <Filter>ParticleSystem</Filter>
    </ClInclude>
    <ClInclude Include="Math\EulerAngles.hpp">
      <Filter>Math\3D</Filter>
    </ClInclude>
    <ClInclude Include="Math\Math3D.hpp">
      <Filter>Math\3D</Filter>
    </ClInclude>
    <ClInclude Include="Math\Math2D.hpp">
      <Filter>Math\2D</Filter>
    </ClInclude>
    <ClInclude Include="Math\PhysicsMotion2D.hpp">
      <Filter>Math\2D</Filter>
    </ClInclude>
    <ClInclude Include="Renderer\Text\FontSystem.hpp">
      <Filter>Renderer\Text</Filter>
    </ClInclude>
    <ClInclude Include="Renderer\Text\TextSystem.hpp">
      <Filter>Renderer\Text</Filter>
    </ClInclude>
    <ClInclude Include="Console\DevConsole.hpp">
      <Filter>Console</Filter>
    </ClInclude>
    <ClInclude Include="Math\MathCommands.hpp">
      <Filter>Math</Filter>
    </ClInclude>
    <ClInclude Include="Renderer\Camera3D.hpp">
      <Filter>Renderer</Filter>
    </ClInclude>
    <ClInclude Include="Renderer\AnimatedTexture.hpp">
      <Filter>Renderer\Textures</Filter>
    </ClInclude>
    <ClInclude Include="Renderer\Texture.hpp">
      <Filter>Renderer\Textures</Filter>
    </ClInclude>
    <ClInclude Include="ParticleSystem\AdvancedParticleUtils.hpp">
      <Filter>ParticleSystem</Filter>
    </ClInclude>
    <ClInclude Include="Renderer\Light.hpp">
      <Filter>Renderer\RenderingUtilities</Filter>
    </ClInclude>
    <ClInclude Include="Renderer\GraphicsUtils.hpp">
      <Filter>Renderer</Filter>
    </ClInclude>
    <ClInclude Include="Math\MatrixUtils.hpp">
      <Filter>Math</Filter>
    </ClInclude>
    <ClInclude Include="Renderer\ModelUtils.hpp">
      <Filter>Renderer\RenderingUtilities</Filter>
    </ClInclude>
    <ClInclude Include="Core\XML\xmlParser.h">
      <Filter>Core\Utilities\XML</Filter>
    </ClInclude>
    <ClInclude Include="Core\XML\XMLUtils.hpp">
      <Filter>Core\Utilities\XML</Filter>
    </ClInclude>
    <ClInclude Include="Input\GUI\UIElement.hpp">
      <Filter>UserInterface\GUI_old</Filter>
    </ClInclude>
    <ClInclude Include="Input\GUI\UIProgressBar.hpp">
      <Filter>UserInterface\GUI_old</Filter>
    </ClInclude>
    <ClInclude Include="Input\GUI\UIButton.hpp">
      <Filter>UserInterface\GUI_old</Filter>
    </ClInclude>
    <ClInclude Include="Input\GUI\UIText.hpp">
      <Filter>UserInterface\GUI_old</Filter>
    </ClInclude>
    <ClInclude Include="Console\LogFile.hpp">
      <Filter>Console</Filter>
    </ClInclude>
    <ClInclude Include="Core\FileWizard.hpp">
      <Filter>Core\Utilities</Filter>
    </ClInclude>
    <ClInclude Include="Core\BinaryUtils.hpp">
      <Filter>Core\Utilities</Filter>
    </ClInclude>
    <ClInclude Include="Core\Time.hpp">
      <Filter>Core\Time</Filter>
    </ClInclude>
    <ClInclude Include="Core\Timer.hpp">
      <Filter>Core\Time</Filter>
    </ClInclude>
    <ClInclude Include="ParticleSystem\Effect.hpp">
      <Filter>ParticleSystem</Filter>
    </ClInclude>
    <ClInclude Include="ParticleSystem\ParticlePhysics.hpp">
      <Filter>ParticleSystem</Filter>
    </ClInclude>
    <ClInclude Include="Core\SystemClockWin32.hpp">
      <Filter>Core\Time</Filter>
    </ClInclude>
    <ClInclude Include="Core\Performance.hpp">
      <Filter>Core\Time</Filter>
    </ClInclude>
    <ClInclude Include="Core\Clock.hpp">
      <Filter>Core\Time</Filter>
    </ClInclude>
    <ClInclude Include="Multithreading\CriticalSection.hpp">
      <Filter>Multithreading</Filter>
    </ClInclude>
    <ClInclude Include="Multithreading\Job.hpp">
      <Filter>Multithreading</Filter>
    </ClInclude>
    <ClInclude Include="Multithreading\JobManager.hpp">
      <Filter>Multithreading</Filter>
    </ClInclude>
    <ClInclude Include="Multithreading\Thread.hpp">
      <Filter>Multithreading</Filter>
    </ClInclude>
    <ClInclude Include="Multithreading\ThreadSafeQueue.hpp">
      <Filter>Multithreading</Filter>
    </ClInclude>
    <ClInclude Include="Core\Memory.hpp">
      <Filter>Core\Memory</Filter>
    </ClInclude>
    <ClInclude Include="Renderer\Material.hpp">
      <Filter>Renderer\MeshRenderer</Filter>
    </ClInclude>
    <ClInclude Include="Renderer\Mesh.hpp">
      <Filter>Renderer\MeshRenderer</Filter>
    </ClInclude>
    <ClInclude Include="Renderer\MeshRenderer.hpp">
      <Filter>Renderer\MeshRenderer</Filter>
    </ClInclude>
    <ClInclude Include="Renderer\ShaderWizard.hpp">
      <Filter>Renderer\MeshRenderer</Filter>
    </ClInclude>
    <ClInclude Include="Renderer\Vertex3D.hpp">
      <Filter>Renderer</Filter>
    </ClInclude>
    <ClInclude Include="Core\EventCallback.hpp">
      <Filter>Core\Event</Filter>
    </ClInclude>
    <ClInclude Include="Networking\NetworkSystem.hpp">
      <Filter>Networking</Filter>
    </ClInclude>
    <ClInclude Include="Networking\NetworkSession.hpp">
      <Filter>Networking</Filter>
    </ClInclude>
    <ClInclude Include="Networking\UDPSocket.hpp">
      <Filter>Networking</Filter>
    </ClInclude>
    <ClInclude Include="Networking\NetPacketQueue.hpp">
      <Filter>Networking</Filter>
    </ClInclude>
    <ClInclude Include="Networking\NetPacket.hpp">
      <Filter>Networking</Filter>
    </ClInclude>
    <ClInclude Include="Networking\NetAddress.hpp">
      <Filter>Networking</Filter>
    </ClInclude>
    <ClInclude Include="Networking\NetConnection.hpp">
      <Filter>Networking</Filter>
    </ClInclude>
    <ClInclude Include="Networking\NetMessage.hpp">
      <Filter>Networking</Filter>
    </ClInclude>
    <ClInclude Include="Components\BaseComponent.hpp">
      <Filter>Components</Filter>
    </ClInclude>
    <ClInclude Include="Components\ClockComponent.hpp">
      <Filter>Components</Filter>
    </ClInclude>
    <ClInclude Include="Components\RenderComponents\Render2DComponent.hpp">
      <Filter>Components\RenderComponents</Filter>
    </ClInclude>
    <ClInclude Include="Components\RenderComponents\Render3DComponent.hpp">
      <Filter>Components\RenderComponents</Filter>
    </ClInclude>
    <ClInclude Include="Components\RenderComponents\RenderComponent.hpp">
      <Filter>Components\RenderComponents</Filter>
    </ClInclude>
    <ClInclude Include="Components\TransformComponents\RigidBodyComponent.hpp">
      <Filter>Components\Transform</Filter>
    </ClInclude>
    <ClInclude Include="Components\TransformComponents\TransformComponent.hpp">
      <Filter>Components\Transform</Filter>
    </ClInclude>
    <ClInclude Include="Components\CollisionComponents\ColliderComponent.hpp">
      <Filter>Components\Collision</Filter>
    </ClInclude>
    <ClInclude Include="Networking\ReliableTracker.hpp">
      <Filter>Networking</Filter>
    </ClInclude>
    <ClInclude Include="Components\CollisionComponents\Collider2DComponent.hpp">
      <Filter>Components\Collision</Filter>
    </ClInclude>
    <ClInclude Include="Components\HealthComponent.hpp">
      <Filter>Components</Filter>
    </ClInclude>
    <ClInclude Include="Components\TransformComponents\Transform2DComponent.hpp">
      <Filter>Components\Transform</Filter>
    </ClInclude>
    <ClInclude Include="Components\TransformComponents\PhysicsMotion2DComponent.hpp">
      <Filter>Components\Transform</Filter>
    </ClInclude>
    <ClInclude Include="Input\KeyBindingSystem.hpp">
      <Filter>Input</Filter>
    </ClInclude>
    <ClInclude Include="Core\Event\EventSystem.hpp">
      <Filter>Core\Event</Filter>
    </ClInclude>
    <ClInclude Include="Core\BitArray.hpp">
      <Filter>Core</Filter>
    </ClInclude>
    <ClInclude Include="Core\Event\NamedProperties.hpp">
      <Filter>Core\Event\Properties</Filter>
    </ClInclude>
    <ClInclude Include="Core\Event\TypedProperty.hpp">
      <Filter>Core\Event\Properties</Filter>
    </ClInclude>
    <ClInclude Include="Core\Event\EventUtilities.hpp">
      <Filter>Core\Event</Filter>
    </ClInclude>
    <ClInclude Include="Core\Utilities.hpp">
      <Filter>Core</Filter>
    </ClInclude>
    <ClInclude Include="Core\BaseGameState.hpp">
      <Filter>Core</Filter>
    </ClInclude>
    <ClInclude Include="UserInterface\UICommon.hpp">
      <Filter>UserInterface</Filter>
    </ClInclude>
    <ClInclude Include="UserInterface\KeyFrameAnimation\AnimatedProperty.hpp">
      <Filter>UserInterface\KeyFrameAnimation</Filter>
    </ClInclude>
    <ClInclude Include="UserInterface\KeyFrameAnimation\KeyFrameSequence.hpp">
      <Filter>UserInterface\KeyFrameAnimation</Filter>
    </ClInclude>
    <ClInclude Include="UserInterface\WidgetStates\WidgetStateProperties.hpp">
      <Filter>UserInterface\WidgetState</Filter>
    </ClInclude>
    <ClInclude Include="Components\CollisionComponents\UICollider2DComponent.hpp">
      <Filter>Components\Collision</Filter>
    </ClInclude>
    <ClInclude Include="UserInterface\Widgets\BaseWidget.hpp">
      <Filter>UserInterface\Widgets\Base</Filter>
    </ClInclude>
    <ClInclude Include="UserInterface\UISystem.hpp">
      <Filter>UserInterface</Filter>
    </ClInclude>
    <ClInclude Include="UserInterface\Widgets\WidgetFactory.hpp">
      <Filter>UserInterface\Widgets\Base</Filter>
    </ClInclude>
    <ClInclude Include="UserInterface\WidgetStyle.hpp">
      <Filter>UserInterface\Styles</Filter>
    </ClInclude>
    <ClInclude Include="UserInterface\WidgetStyleFactory.hpp">
      <Filter>UserInterface\Styles</Filter>
    </ClInclude>
    <ClInclude Include="Input\InputCommon.hpp">
      <Filter>Input</Filter>
    </ClInclude>
    <ClInclude Include="UserInterface\UIScreen.hpp">
      <Filter>UserInterface</Filter>
    </ClInclude>
    <ClInclude Include="Math\RandomUtils.hpp">
      <Filter>Math</Filter>
    </ClInclude>
    <ClInclude Include="Math\MathCommon.hpp">
      <Filter>Math</Filter>
    </ClInclude>
    <ClInclude Include="Core\Metrics\GameplayMetric.hpp">
      <Filter>Core\Metrics</Filter>
    </ClInclude>
    <ClInclude Include="Core\Metrics\GameplayMetricLog.hpp">
      <Filter>Core\Metrics</Filter>
    </ClInclude>
    <ClInclude Include="Core\ObjectFactory.hpp">
      <Filter>Core</Filter>
    </ClInclude>
    <ClInclude Include="UserInterface\Widgets\ButtonWidget.hpp">
      <Filter>UserInterface\Widgets\Types</Filter>
    </ClInclude>
    <ClInclude Include="UserInterface\Widgets\CheckBoxWidget.hpp">
      <Filter>UserInterface\Widgets\Types</Filter>
    </ClInclude>
    <ClInclude Include="UserInterface\Widgets\CursorWidget.hpp">
      <Filter>UserInterface\Widgets\Types</Filter>
    </ClInclude>
    <ClInclude Include="UserInterface\Widgets\DropDownWidget.hpp">
      <Filter>UserInterface\Widgets\Types</Filter>
    </ClInclude>
    <ClInclude Include="UserInterface\Widgets\EditLineWidget.hpp">
      <Filter>UserInterface\Widgets\Types</Filter>
    </ClInclude>
    <ClInclude Include="UserInterface\Widgets\GroupWidget.hpp">
      <Filter>UserInterface\Widgets\Types</Filter>
    </ClInclude>
    <ClInclude Include="UserInterface\Widgets\LabelWidget.hpp">
      <Filter>UserInterface\Widgets\Types</Filter>
    </ClInclude>
    <ClInclude Include="UserInterface\Widgets\LayoutWidget.hpp">
      <Filter>UserInterface\Widgets\Types</Filter>
    </ClInclude>
    <ClInclude Include="UserInterface\Widgets\ProgressBarWidget.hpp">
      <Filter>UserInterface\Widgets\Types</Filter>
    </ClInclude>
    <ClInclude Include="UserInterface\Widgets\SliderWidget.hpp">
      <Filter>UserInterface\Widgets\Types</Filter>
    </ClInclude>
    <ClInclude Include="UserInterface\Widgets\WidgetTypes.hpp">
      <Filter>UserInterface\Widgets\Types</Filter>
    </ClInclude>
    <ClInclude Include="Math\Dice.hpp">
      <Filter>Math</Filter>
    </ClInclude>
    <ClInclude Include="Sound\SoundSystemFMOD.hpp">
      <Filter>Sound\FMOD</Filter>
    </ClInclude>
    <ClInclude Include="Core\StringTable.hpp">
      <Filter>Core\Utilities\String</Filter>
    </ClInclude>
    <ClInclude Include="Core\StringUtils.hpp">
      <Filter>Core\Utilities\String</Filter>
    </ClInclude>
    <ClInclude Include="Core\SortingUtils.hpp">
      <Filter>Core\Utilities</Filter>
    </ClInclude>
    <ClInclude Include="Renderer\FrameBuffer.hpp">
      <Filter>Renderer</Filter>
    </ClInclude>
    <ClInclude Include="Sound\AudioSystem.hpp">
      <Filter>Sound\AudioSystem</Filter>
    </ClInclude>
    <ClInclude Include="Math\Spline\CubicHermiteCurve.hpp">
      <Filter>Math\Spline</Filter>
    </ClInclude>
    <ClInclude Include="Math\Spline\CubicHermiteSpline.hpp">
      <Filter>Math\Spline</Filter>
    </ClInclude>
    <ClInclude Include="Map\Map.hpp">
      <Filter>Map</Filter>
    </ClInclude>
    <ClInclude Include="Map\Tile.hpp">
      <Filter>Map</Filter>
    </ClInclude>
    <ClInclude Include="Map\TileState.hpp">
      <Filter>Map</Filter>
    </ClInclude>
    <ClInclude Include="Map\Pathfinding\Path.hpp">
      <Filter>Map\Pathfinding</Filter>
    </ClInclude>
    <ClInclude Include="Map\Pathfinding\Pathfinder.hpp">
      <Filter>Map\Pathfinding</Filter>
    </ClInclude>
    <ClInclude Include="Map\Pathfinding\PathNode.hpp">
      <Filter>Map\Pathfinding</Filter>
    </ClInclude>
    <ClInclude Include="Map\Visibility\Visibility.hpp">
      <Filter>Map\Visibility</Filter>
    </ClInclude>
  </ItemGroup>
  <ItemGroup>
    <ClCompile Include="Renderer\OpenGLRenderer.cpp">
      <Filter>Renderer</Filter>
    </ClCompile>
    <ClCompile Include="Math\MathUtils.cpp">
      <Filter>Math</Filter>
    </ClCompile>
    <ClCompile Include="Core\Rgba.cpp">
      <Filter>Core</Filter>
    </ClCompile>
    <ClCompile Include="Input\InputSystem.cpp">
      <Filter>Input</Filter>
    </ClCompile>
    <ClCompile Include="Console\Console.cpp">
      <Filter>Console</Filter>
    </ClCompile>
    <ClCompile Include="Renderer\Number.cpp">
      <Filter>Renderer</Filter>
    </ClCompile>
    <ClCompile Include="Math\Matrix4.cpp">
      <Filter>Math</Filter>
    </ClCompile>
    <ClCompile Include="Math\Noise.cpp">
      <Filter>Math</Filter>
    </ClCompile>
    <ClCompile Include="Math\Vector2.cpp">
      <Filter>Math\Vectors</Filter>
    </ClCompile>
    <ClCompile Include="Math\Vector3.cpp">
      <Filter>Math\Vectors</Filter>
    </ClCompile>
    <ClCompile Include="Math\Vector4.cpp">
      <Filter>Math\Vectors</Filter>
    </ClCompile>
    <ClCompile Include="Math\AABB2.cpp">
      <Filter>Math\Geometry</Filter>
    </ClCompile>
    <ClCompile Include="Math\AABB3.cpp">
      <Filter>Math\Geometry</Filter>
    </ClCompile>
    <ClCompile Include="Math\Disc2.cpp">
      <Filter>Math\Geometry</Filter>
    </ClCompile>
    <ClCompile Include="Math\LineSegment2.cpp">
      <Filter>Math\Geometry</Filter>
    </ClCompile>
    <ClCompile Include="Math\LineSegment3.cpp">
      <Filter>Math\Geometry</Filter>
    </ClCompile>
    <ClCompile Include="Math\Sphere3.cpp">
      <Filter>Math\Geometry</Filter>
    </ClCompile>
    <ClCompile Include="ParticleSystem\Emitter.cpp">
      <Filter>ParticleSystem</Filter>
    </ClCompile>
    <ClCompile Include="ParticleSystem\Particle.cpp">
      <Filter>ParticleSystem</Filter>
    </ClCompile>
    <ClCompile Include="ParticleSystem\ParticleSystem.cpp">
      <Filter>ParticleSystem</Filter>
    </ClCompile>
    <ClCompile Include="Math\EulerAngles.cpp">
      <Filter>Math\3D</Filter>
    </ClCompile>
    <ClCompile Include="Math\Math3D.cpp">
      <Filter>Math\3D</Filter>
    </ClCompile>
    <ClCompile Include="Math\Math2D.cpp">
      <Filter>Math\2D</Filter>
    </ClCompile>
    <ClCompile Include="Math\PhysicsMotion2D.cpp">
      <Filter>Math\2D</Filter>
    </ClCompile>
    <ClCompile Include="Renderer\Text\FontSystem.cpp">
      <Filter>Renderer\Text</Filter>
    </ClCompile>
    <ClCompile Include="Renderer\Text\TextSystem.cpp">
      <Filter>Renderer\Text</Filter>
    </ClCompile>
    <ClCompile Include="Console\DevConsole.cpp">
      <Filter>Console</Filter>
    </ClCompile>
    <ClCompile Include="Math\MathCommands.cpp">
      <Filter>Math</Filter>
    </ClCompile>
    <ClCompile Include="Renderer\Camera3D.cpp">
      <Filter>Renderer</Filter>
    </ClCompile>
    <ClCompile Include="Renderer\AnimatedTexture.cpp">
      <Filter>Renderer\Textures</Filter>
    </ClCompile>
    <ClCompile Include="Renderer\Texture.cpp">
      <Filter>Renderer\Textures</Filter>
    </ClCompile>
    <ClCompile Include="Renderer\stb_image.c">
      <Filter>Renderer\Textures</Filter>
    </ClCompile>
    <ClCompile Include="ParticleSystem\AdvancedParticleUtils.cpp">
      <Filter>ParticleSystem</Filter>
    </ClCompile>
    <ClCompile Include="Renderer\Light.cpp">
      <Filter>Renderer\RenderingUtilities</Filter>
    </ClCompile>
    <ClCompile Include="Renderer\GraphicsUtils.cpp">
      <Filter>Renderer</Filter>
    </ClCompile>
    <ClCompile Include="Math\MatrixUtils.cpp">
      <Filter>Math</Filter>
    </ClCompile>
    <ClCompile Include="Renderer\ModelUtils.cpp">
      <Filter>Renderer\RenderingUtilities</Filter>
    </ClCompile>
    <ClCompile Include="Core\XML\xmlParser.cpp">
      <Filter>Core\Utilities\XML</Filter>
    </ClCompile>
    <ClCompile Include="Core\XML\XMLUtils.cpp">
      <Filter>Core\Utilities\XML</Filter>
    </ClCompile>
    <ClCompile Include="Input\GUI\UIElement.cpp">
      <Filter>UserInterface\GUI_old</Filter>
    </ClCompile>
    <ClCompile Include="Input\GUI\UIProgressBar.cpp">
      <Filter>UserInterface\GUI_old</Filter>
    </ClCompile>
    <ClCompile Include="Input\GUI\UIButton.cpp">
      <Filter>UserInterface\GUI_old</Filter>
    </ClCompile>
    <ClCompile Include="Input\GUI\UIText.cpp">
      <Filter>UserInterface\GUI_old</Filter>
    </ClCompile>
    <ClCompile Include="Math\IntVec2.cpp">
      <Filter>Math\Vectors</Filter>
    </ClCompile>
    <ClCompile Include="Console\LogFile.cpp">
      <Filter>Console</Filter>
    </ClCompile>
    <ClCompile Include="Core\BinaryUtils.cpp">
      <Filter>Core\Utilities</Filter>
    </ClCompile>
    <ClCompile Include="Core\FileWizard.cpp">
      <Filter>Core\Utilities</Filter>
    </ClCompile>
    <ClCompile Include="Core\Time.cpp">
      <Filter>Core\Time</Filter>
    </ClCompile>
    <ClCompile Include="Core\Timer.cpp">
      <Filter>Core\Time</Filter>
    </ClCompile>
    <ClCompile Include="ParticleSystem\Effect.cpp">
      <Filter>ParticleSystem</Filter>
    </ClCompile>
    <ClCompile Include="ParticleSystem\ParticlePhysics.cpp">
      <Filter>ParticleSystem</Filter>
    </ClCompile>
    <ClCompile Include="Core\Performance.cpp">
      <Filter>Core\Time</Filter>
    </ClCompile>
    <ClCompile Include="Core\Clock.cpp">
      <Filter>Core\Time</Filter>
    </ClCompile>
    <ClCompile Include="Core\SystemClockWin32.cpp">
      <Filter>Core\Time</Filter>
    </ClCompile>
    <ClCompile Include="Multithreading\JobManager.cpp">
      <Filter>Multithreading</Filter>
    </ClCompile>
    <ClCompile Include="Core\Memory.cpp">
      <Filter>Core\Memory</Filter>
    </ClCompile>
    <ClCompile Include="Renderer\Material.cpp">
      <Filter>Renderer\MeshRenderer</Filter>
    </ClCompile>
    <ClCompile Include="Renderer\Mesh.cpp">
      <Filter>Renderer\MeshRenderer</Filter>
    </ClCompile>
    <ClCompile Include="Renderer\MeshRenderer.cpp">
      <Filter>Renderer\MeshRenderer</Filter>
    </ClCompile>
    <ClCompile Include="Renderer\ShaderWizard.cpp">
      <Filter>Renderer\MeshRenderer</Filter>
    </ClCompile>
    <ClCompile Include="Renderer\Vertex3D.cpp">
      <Filter>Renderer</Filter>
    </ClCompile>
    <ClCompile Include="Core\EventCallback.cpp">
      <Filter>Core\Event</Filter>
    </ClCompile>
    <ClCompile Include="Networking\NetworkSystem.cpp">
      <Filter>Networking</Filter>
    </ClCompile>
    <ClCompile Include="Networking\NetworkSession.cpp">
      <Filter>Networking</Filter>
    </ClCompile>
    <ClCompile Include="Networking\UDPSocket.cpp">
      <Filter>Networking</Filter>
    </ClCompile>
    <ClCompile Include="Networking\NetPacket.cpp">
      <Filter>Networking</Filter>
    </ClCompile>
    <ClCompile Include="Networking\NetAddress.cpp">
      <Filter>Networking</Filter>
    </ClCompile>
    <ClCompile Include="Networking\NetConnection.cpp">
      <Filter>Networking</Filter>
    </ClCompile>
    <ClCompile Include="Networking\NetMessage.cpp">
      <Filter>Networking</Filter>
    </ClCompile>
    <ClCompile Include="Components\BaseComponent.cpp">
      <Filter>Components</Filter>
    </ClCompile>
    <ClCompile Include="Components\ClockComponent.cpp">
      <Filter>Components</Filter>
    </ClCompile>
    <ClCompile Include="Components\RenderComponents\Render2DComponent.cpp">
      <Filter>Components\RenderComponents</Filter>
    </ClCompile>
    <ClCompile Include="Components\RenderComponents\Render3DComponent.cpp">
      <Filter>Components\RenderComponents</Filter>
    </ClCompile>
    <ClCompile Include="Components\RenderComponents\RenderComponent.cpp">
      <Filter>Components\RenderComponents</Filter>
    </ClCompile>
    <ClCompile Include="Components\TransformComponents\RigidBodyComponent.cpp">
      <Filter>Components\Transform</Filter>
    </ClCompile>
    <ClCompile Include="Components\TransformComponents\TransformComponent.cpp">
      <Filter>Components\Transform</Filter>
    </ClCompile>
    <ClCompile Include="Components\CollisionComponents\ColliderComponent.cpp">
      <Filter>Components\Collision</Filter>
    </ClCompile>
    <ClCompile Include="Components\CollisionComponents\Collider2DComponent.cpp">
      <Filter>Components\Collision</Filter>
    </ClCompile>
    <ClCompile Include="Components\HealthComponent.cpp">
      <Filter>Components</Filter>
    </ClCompile>
    <ClCompile Include="Components\TransformComponents\Transform2DComponent.cpp">
      <Filter>Components\Transform</Filter>
    </ClCompile>
    <ClCompile Include="Components\TransformComponents\PhysicsMotion2DComponent.cpp">
      <Filter>Components\Transform</Filter>
    </ClCompile>
    <ClCompile Include="Input\KeyBindingSystem.cpp">
      <Filter>Input</Filter>
    </ClCompile>
    <ClCompile Include="Core\Event\EventSystem.cpp">
      <Filter>Core\Event</Filter>
    </ClCompile>
    <ClCompile Include="Core\Event\NamedProperties.cpp">
      <Filter>Core\Event\Properties</Filter>
    </ClCompile>
    <ClCompile Include="Core\Utilities.cpp">
      <Filter>Core</Filter>
    </ClCompile>
    <ClCompile Include="Core\BaseGameState.cpp">
      <Filter>Core</Filter>
    </ClCompile>
    <ClCompile Include="UserInterface\WidgetStates\WidgetStateProperties.cpp">
      <Filter>UserInterface\WidgetState</Filter>
    </ClCompile>
    <ClCompile Include="Components\CollisionComponents\UICollider2DComponent.cpp">
      <Filter>Components\Collision</Filter>
    </ClCompile>
    <ClCompile Include="UserInterface\Widgets\BaseWidget.cpp">
      <Filter>UserInterface\Widgets\Base</Filter>
    </ClCompile>
    <ClCompile Include="UserInterface\UISystem.cpp">
      <Filter>UserInterface</Filter>
    </ClCompile>
    <ClCompile Include="UserInterface\Widgets\WidgetFactory.cpp">
      <Filter>UserInterface\Widgets\Base</Filter>
    </ClCompile>
    <ClCompile Include="UserInterface\WidgetStyle.cpp">
      <Filter>UserInterface\Styles</Filter>
    </ClCompile>
    <ClCompile Include="UserInterface\WidgetStyleFactory.cpp">
      <Filter>UserInterface\Styles</Filter>
    </ClCompile>
    <ClCompile Include="UserInterface\UIScreen.cpp">
      <Filter>UserInterface</Filter>
    </ClCompile>
    <ClCompile Include="UserInterface\UICommon.cpp">
      <Filter>UserInterface</Filter>
    </ClCompile>
    <ClCompile Include="Math\RandomUtils.cpp">
      <Filter>Math</Filter>
    </ClCompile>
    <ClCompile Include="Core\ObjectFactory.cpp">
      <Filter>Core</Filter>
    </ClCompile>
    <ClCompile Include="UserInterface\Widgets\ButtonWidget.cpp">
      <Filter>UserInterface\Widgets\Types</Filter>
    </ClCompile>
    <ClCompile Include="UserInterface\Widgets\CheckBoxWidget.cpp">
      <Filter>UserInterface\Widgets\Types</Filter>
    </ClCompile>
    <ClCompile Include="UserInterface\Widgets\CursorWidget.cpp">
      <Filter>UserInterface\Widgets\Types</Filter>
    </ClCompile>
    <ClCompile Include="UserInterface\Widgets\DropDownWidget.cpp">
      <Filter>UserInterface\Widgets\Types</Filter>
    </ClCompile>
    <ClCompile Include="UserInterface\Widgets\EditLineWidget.cpp">
      <Filter>UserInterface\Widgets\Types</Filter>
    </ClCompile>
    <ClCompile Include="UserInterface\Widgets\GroupWidget.cpp">
      <Filter>UserInterface\Widgets\Types</Filter>
    </ClCompile>
    <ClCompile Include="UserInterface\Widgets\LabelWidget.cpp">
      <Filter>UserInterface\Widgets\Types</Filter>
    </ClCompile>
    <ClCompile Include="UserInterface\Widgets\LayoutWidget.cpp">
      <Filter>UserInterface\Widgets\Types</Filter>
    </ClCompile>
    <ClCompile Include="UserInterface\Widgets\ProgressBarWidget.cpp">
      <Filter>UserInterface\Widgets\Types</Filter>
    </ClCompile>
    <ClCompile Include="UserInterface\Widgets\SliderWidget.cpp">
      <Filter>UserInterface\Widgets\Types</Filter>
    </ClCompile>
    <ClCompile Include="Math\Dice.cpp">
      <Filter>Math</Filter>
    </ClCompile>
    <ClCompile Include="Sound\SoundSystemFMOD.cpp">
      <Filter>Sound\FMOD</Filter>
    </ClCompile>
    <ClCompile Include="Core\StringTable.cpp">
      <Filter>Core\Utilities\String</Filter>
    </ClCompile>
    <ClCompile Include="Core\StringUtils.cpp">
      <Filter>Core\Utilities\String</Filter>
    </ClCompile>
    <ClCompile Include="Renderer\FrameBuffer.cpp">
      <Filter>Renderer</Filter>
    </ClCompile>
    <ClCompile Include="Sound\AudioSystem.cpp">
      <Filter>Sound\AudioSystem</Filter>
    </ClCompile>
    <ClCompile Include="Math\Spline\CubicHermiteCurve.cpp">
      <Filter>Math\Spline</Filter>
    </ClCompile>
    <ClCompile Include="Math\Spline\CubicHermiteSpline.cpp">
      <Filter>Math\Spline</Filter>
    </ClCompile>
    <ClCompile Include="Map\Map.cpp">
      <Filter>Map</Filter>
    </ClCompile>
    <ClCompile Include="Map\Tile.cpp">
      <Filter>Map</Filter>
    </ClCompile>
    <ClCompile Include="Map\TileState.cpp">
      <Filter>Map</Filter>
    </ClCompile>
    <ClCompile Include="Map\Pathfinding\Path.cpp">
      <Filter>Map\Pathfinding</Filter>
    </ClCompile>
    <ClCompile Include="Map\Pathfinding\Pathfinder.cpp">
      <Filter>Map\Pathfinding</Filter>
    </ClCompile>
    <ClCompile Include="Map\Pathfinding\PathNode.cpp">
      <Filter>Map\Pathfinding</Filter>
    </ClCompile>
    <ClCompile Include="Map\Visibility\Visibility.cpp">
      <Filter>Map\Visibility</Filter>
    </ClCompile>
    <ClCompile Include="Core\Metrics\GameplayMetricLog.cpp">
      <Filter>Core\Metrics</Filter>
    </ClCompile>
  </ItemGroup>
</Project>